
Microsoft Visual Studio Solution File, Format Version 12.00
# Visual Studio Version 16
VisualStudioVersion = 16.0.31410.357
MinimumVisualStudioVersion = 10.0.40219.1
Project("{FAE04EC0-301F-11D3-BF4B-00C04F79EFBC}") = "GenericValueAdapter", "GenericValueAdapter.csproj", "{EF99C8E6-B350-4495-A704-A1D362E76EAA}"
EndProject
Global
	GlobalSection(SolutionConfigurationPlatforms) = preSolution
		Debug|Any CPU = Debug|Any CPU
		Release|Any CPU = Release|Any CPU
	EndGlobalSection
	GlobalSection(ProjectConfigurationPlatforms) = postSolution
		{EF99C8E6-B350-4495-A704-A1D362E76EAA}.Debug|Any CPU.ActiveCfg = Debug|Any CPU
		{EF99C8E6-B350-4495-A704-A1D362E76EAA}.Debug|Any CPU.Build.0 = Debug|Any CPU
		{EF99C8E6-B350-4495-A704-A1D362E76EAA}.Release|Any CPU.ActiveCfg = Release|Any CPU
		{EF99C8E6-B350-4495-A704-A1D362E76EAA}.Release|Any CPU.Build.0 = Release|Any CPU
	EndGlobalSection
	GlobalSection(SolutionProperties) = preSolution
		HideSolutionNode = FALSE
	EndGlobalSection
	GlobalSection(ExtensibilityGlobals) = postSolution
		SolutionGuid = {99F84A9F-09F8-4194-8D56-E77774780A3B}
	EndGlobalSection
EndGlobal
