
Microsoft Visual Studio Solution File, Format Version 12.00
# Visual Studio Version 16
VisualStudioVersion = 16.0.31410.357
MinimumVisualStudioVersion = 10.0.40219.1
Project("{FAE04EC0-301F-11D3-BF4B-00C04F79EFBC}") = "AdapterExercise", "AdapterExercise.csproj", "{C26C7181-9DE0-4944-9344-D12AAFD99E28}"
EndProject
Global
	GlobalSection(SolutionConfigurationPlatforms) = preSolution
		Debug|Any CPU = Debug|Any CPU
		Release|Any CPU = Release|Any CPU
	EndGlobalSection
	GlobalSection(ProjectConfigurationPlatforms) = postSolution
		{C26C7181-9DE0-4944-9344-D12AAFD99E28}.Debug|Any CPU.ActiveCfg = Debug|Any CPU
		{C26C7181-9DE0-4944-9344-D12AAFD99E28}.Debug|Any CPU.Build.0 = Debug|Any CPU
		{C26C7181-9DE0-4944-9344-D12AAFD99E28}.Release|Any CPU.ActiveCfg = Release|Any CPU
		{C26C7181-9DE0-4944-9344-D12AAFD99E28}.Release|Any CPU.Build.0 = Release|Any CPU
	EndGlobalSection
	GlobalSection(SolutionProperties) = preSolution
		HideSolutionNode = FALSE
	EndGlobalSection
	GlobalSection(ExtensibilityGlobals) = postSolution
		SolutionGuid = {AEB2154E-B466-4B3B-9DC7-F7B72337B073}
	EndGlobalSection
EndGlobal
